
Microsoft Visual Studio Solution File, Format Version 12.00
# Visual Studio Version 16
VisualStudioVersion = 16.0.31112.23
MinimumVisualStudioVersion = 10.0.40219.1
Project("{8BC9CEB8-8B4A-11D0-8D11-00A0C91BC942}") = "BMR", "BMR\BMR.vcxproj", "{BA8270D6-214F-4FF6-9F99-3CA9445EA7AC}"
EndProject
Global
	GlobalSection(SolutionConfigurationPlatforms) = preSolution
		Debug|x64 = Debug|x64
		Debug|x86 = Debug|x86
		Release|x64 = Release|x64
		Release|x86 = Release|x86
	EndGlobalSection
	GlobalSection(ProjectConfigurationPlatforms) = postSolution
		{BA8270D6-214F-4FF6-9F99-3CA9445EA7AC}.Debug|x64.ActiveCfg = Debug|x64
		{BA8270D6-214F-4FF6-9F99-3CA9445EA7AC}.Debug|x64.Build.0 = Debug|x64
		{BA8270D6-214F-4FF6-9F99-3CA9445EA7AC}.Debug|x86.ActiveCfg = Debug|Win32
		{BA8270D6-214F-4FF6-9F99-3CA9445EA7AC}.Debug|x86.Build.0 = Debug|Win32
		{BA8270D6-214F-4FF6-9F99-3CA9445EA7AC}.Release|x64.ActiveCfg = Release|x64
		{BA8270D6-214F-4FF6-9F99-3CA9445EA7AC}.Release|x64.Build.0 = Release|x64
		{BA8270D6-214F-4FF6-9F99-3CA9445EA7AC}.Release|x86.ActiveCfg = Release|Win32
		{BA8270D6-214F-4FF6-9F99-3CA9445EA7AC}.Release|x86.Build.0 = Release|Win32
	EndGlobalSection
	GlobalSection(SolutionProperties) = preSolution
		HideSolutionNode = FALSE
	EndGlobalSection
	GlobalSection(ExtensibilityGlobals) = postSolution
		SolutionGuid = {2297D03E-E77F-446A-B67A-971C50F40086}
	EndGlobalSection
EndGlobal
